
Microsoft Visual Studio Solution File, Format Version 12.00
# Visual Studio Version 17
VisualStudioVersion = 17.10.34916.146
MinimumVisualStudioVersion = 10.0.40219.1
Project("{FAE04EC0-301F-11D3-BF4B-00C04F79EFBC}") = "TiendaDeMascotas", "TiendaDeMascotas.csproj", "{5DF68EE4-3464-480F-B920-876CEB032B23}"
EndProject
Global
	GlobalSection(SolutionConfigurationPlatforms) = preSolution
		Debug|Any CPU = Debug|Any CPU
		Release|Any CPU = Release|Any CPU
	EndGlobalSection
	GlobalSection(ProjectConfigurationPlatforms) = postSolution
		{5DF68EE4-3464-480F-B920-876CEB032B23}.Debug|Any CPU.ActiveCfg = Debug|Any CPU
		{5DF68EE4-3464-480F-B920-876CEB032B23}.Debug|Any CPU.Build.0 = Debug|Any CPU
		{5DF68EE4-3464-480F-B920-876CEB032B23}.Release|Any CPU.ActiveCfg = Release|Any CPU
		{5DF68EE4-3464-480F-B920-876CEB032B23}.Release|Any CPU.Build.0 = Release|Any CPU
	EndGlobalSection
	GlobalSection(SolutionProperties) = preSolution
		HideSolutionNode = FALSE
	EndGlobalSection
	GlobalSection(ExtensibilityGlobals) = postSolution
		SolutionGuid = {A7C51E0B-80FE-461B-9E34-F5B340176C27}
	EndGlobalSection
EndGlobal
